
Microsoft Visual Studio Solution File, Format Version 12.00
# Visual Studio Version 17
VisualStudioVersion = 17.1.32319.34
MinimumVisualStudioVersion = 10.0.40219.1
Project("{FAE04EC0-301F-11D3-BF4B-00C04F79EFBC}") = "MovieTicketer", "MovieTicketer\MovieTicketer.csproj", "{62036025-7F94-405C-A472-6CAB2F4C74FC}"
EndProject
Global
	GlobalSection(SolutionConfigurationPlatforms) = preSolution
		Debug|Any CPU = Debug|Any CPU
		Release|Any CPU = Release|Any CPU
	EndGlobalSection
	GlobalSection(ProjectConfigurationPlatforms) = postSolution
		{62036025-7F94-405C-A472-6CAB2F4C74FC}.Debug|Any CPU.ActiveCfg = Debug|Any CPU
		{62036025-7F94-405C-A472-6CAB2F4C74FC}.Debug|Any CPU.Build.0 = Debug|Any CPU
		{62036025-7F94-405C-A472-6CAB2F4C74FC}.Release|Any CPU.ActiveCfg = Release|Any CPU
		{62036025-7F94-405C-A472-6CAB2F4C74FC}.Release|Any CPU.Build.0 = Release|Any CPU
	EndGlobalSection
	GlobalSection(SolutionProperties) = preSolution
		HideSolutionNode = FALSE
	EndGlobalSection
	GlobalSection(ExtensibilityGlobals) = postSolution
		SolutionGuid = {4903B77B-23D0-407E-A007-10D3FA20C8C8}
	EndGlobalSection
EndGlobal
